
Microsoft Visual Studio Solution File, Format Version 12.00
# Visual Studio 15
VisualStudioVersion = 15.0.28010.2050
MinimumVisualStudioVersion = 10.0.40219.1
Project("{FAE04EC0-301F-11D3-BF4B-00C04F79EFBC}") = "WorkSafeMap", "WorkSafeMap\WorkSafeMap.csproj", "{0E2F1DF1-E941-4F42-96ED-26FF8993D7D7}"
EndProject
Project("{FAE04EC0-301F-11D3-BF4B-00C04F79EFBC}") = "WorkSafeMap.Tests", "WorkSafeMap.Tests\WorkSafeMap.Tests.csproj", "{BC170A13-99C3-4491-B81B-21591209B921}"
EndProject
Global
	GlobalSection(SolutionConfigurationPlatforms) = preSolution
		Debug|Any CPU = Debug|Any CPU
		Release|Any CPU = Release|Any CPU
	EndGlobalSection
	GlobalSection(ProjectConfigurationPlatforms) = postSolution
		{0E2F1DF1-E941-4F42-96ED-26FF8993D7D7}.Debug|Any CPU.ActiveCfg = Debug|Any CPU
		{0E2F1DF1-E941-4F42-96ED-26FF8993D7D7}.Debug|Any CPU.Build.0 = Debug|Any CPU
		{0E2F1DF1-E941-4F42-96ED-26FF8993D7D7}.Release|Any CPU.ActiveCfg = Release|Any CPU
		{0E2F1DF1-E941-4F42-96ED-26FF8993D7D7}.Release|Any CPU.Build.0 = Release|Any CPU
		{BC170A13-99C3-4491-B81B-21591209B921}.Debug|Any CPU.ActiveCfg = Debug|Any CPU
		{BC170A13-99C3-4491-B81B-21591209B921}.Debug|Any CPU.Build.0 = Debug|Any CPU
		{BC170A13-99C3-4491-B81B-21591209B921}.Release|Any CPU.ActiveCfg = Release|Any CPU
		{BC170A13-99C3-4491-B81B-21591209B921}.Release|Any CPU.Build.0 = Release|Any CPU
	EndGlobalSection
	GlobalSection(SolutionProperties) = preSolution
		HideSolutionNode = FALSE
	EndGlobalSection
	GlobalSection(ExtensibilityGlobals) = postSolution
		SolutionGuid = {881D61E9-7317-4AF4-8392-4F3E22CBD09F}
	EndGlobalSection
EndGlobal
